<?xml version="1.0" encoding="UTF-8" standalone="yes" ?>
<CodeBlocks_project_file>
	<FileVersion major="1" minor="6" />
	<Project>
		<Option title="Theater" />
		<Option pch_mode="2" />
		<Option compiler="gcc" />
		<Build>
			<Target title="Debug">
				<Option output="bin/Debug/Theater" prefix_auto="1" extension_auto="1" />
				<Option object_output="obj/Debug/" />
				<Option type="1" />
				<Option compiler="gcc" />
				<Compiler>
					<Add option="-std=c++17" />
					<Add option="-g" />
				</Compiler>
			</Target>
			<Target title="Release">
				<Option output="bin/Release/Theater" prefix_auto="1" extension_auto="1" />
				<Option object_output="obj/Release/" />
				<Option type="1" />
				<Option compiler="gcc" />
				<Compiler>
					<Add option="-O2" />
					<Add option="-std=c++17" />
					<Add directory="C:/PDCurses" />
				</Compiler>
				<ResourceCompiler>
					<Add directory="C:/PDCurses" />
				</ResourceCompiler>
				<Linker>
					<Add option="-s" />
					<Add library="C:/PDCurses/libcurses.a" />
					<Add directory="C:/PDCurses" />
				</Linker>
			</Target>
			<Target title="Tests">
				<Option output="bin/Tests/tests" prefix_auto="1" extension_auto="1" />
				<Option object_output="obj/Tests" />
				<Option type="1" />
				<Option compiler="gcc" />
				<Compiler>
					<Add option="-std=c++17" />
				</Compiler>
			</Target>
		</Build>
		<Compiler>
			<Add option="-Wall" />
		</Compiler>
		<Unit filename="src/domains/basedomain.h" />
		<Unit filename="src/domains/basetest.h">
			<Option target="Tests" />
		</Unit>
		<Unit filename="src/domains/capacity/capacity.cpp" />
		<Unit filename="src/domains/capacity/capacity.h" />
		<Unit filename="src/domains/capacity/tests.h">
			<Option target="Tests" />
		</Unit>
		<Unit filename="src/domains/date/date.cpp" />
		<Unit filename="src/domains/date/date.h" />
		<Unit filename="src/domains/date/tests.h">
			<Option target="Tests" />
		</Unit>
		<Unit filename="src/domains/domains.h" />
		<Unit filename="src/domains/email/email.cpp" />
		<Unit filename="src/domains/email/email.h" />
		<Unit filename="src/domains/email/tests.h">
			<Option target="Tests" />
		</Unit>
		<Unit filename="src/domains/idcode/idcode.cpp" />
		<Unit filename="src/domains/idcode/idcode.h" />
		<Unit filename="src/domains/idcode/tests.h">
			<Option target="Tests" />
		</Unit>
		<Unit filename="src/domains/name/name.cpp" />
		<Unit filename="src/domains/name/name.h" />
		<Unit filename="src/domains/name/tests.h">
			<Option target="Tests" />
		</Unit>
		<Unit filename="src/domains/password/password.cpp" />
		<Unit filename="src/domains/password/password.h" />
		<Unit filename="src/domains/password/tests.h">
			<Option target="Tests" />
		</Unit>
		<Unit filename="src/domains/phonenumber/phonenumber.cpp" />
		<Unit filename="src/domains/phonenumber/phonenumber.h" />
		<Unit filename="src/domains/phonenumber/tests.h">
			<Option target="Tests" />
		</Unit>
		<Unit filename="src/domains/playtype/playtype.cpp" />
		<Unit filename="src/domains/playtype/playtype.h" />
		<Unit filename="src/domains/playtype/tests.h">
			<Option target="Tests" />
		</Unit>
		<Unit filename="src/domains/rating/rating.cpp" />
		<Unit filename="src/domains/rating/rating.h" />
		<Unit filename="src/domains/rating/tests.h">
			<Option target="Tests" />
		</Unit>
		<Unit filename="src/domains/registration/registration.cpp" />
		<Unit filename="src/domains/registration/registration.h" />
		<Unit filename="src/domains/registration/tests.h">
			<Option target="Tests" />
		</Unit>
		<Unit filename="src/domains/role/role.cpp" />
		<Unit filename="src/domains/role/role.h" />
		<Unit filename="src/domains/role/tests.h">
			<Option target="Tests" />
		</Unit>
		<Unit filename="src/domains/tests.h">
			<Option target="Tests" />
		</Unit>
		<Unit filename="src/domains/time/tests.h">
			<Option target="Tests" />
		</Unit>
		<Unit filename="src/domains/time/time.cpp" />
		<Unit filename="src/domains/time/time.h" />
		<Unit filename="src/entities/basetest.h">
			<Option target="Tests" />
		</Unit>
		<Unit filename="src/entities/entities.h" />
		<Unit filename="src/entities/participant/participant.h" />
		<Unit filename="src/entities/participant/tests.h">
			<Option target="Tests" />
		</Unit>
		<Unit filename="src/entities/play/play.h" />
		<Unit filename="src/entities/play/tests.h">
			<Option target="Tests" />
		</Unit>
		<Unit filename="src/entities/room/room.h" />
		<Unit filename="src/entities/room/tests.h">
			<Option target="Tests" />
		</Unit>
		<Unit filename="src/entities/session/session.h" />
		<Unit filename="src/entities/session/tests.h">
			<Option target="Tests" />
		</Unit>
		<Unit filename="src/entities/tests.h">
			<Option target="Tests" />
		</Unit>
		<Unit filename="src/main.cpp">
			<Option target="Debug" />
			<Option target="Release" />
		</Unit>
		<Unit filename="src/presentation/PageHandler.cpp">
			<Option target="Debug" />
			<Option target="Release" />
		</Unit>
		<Unit filename="src/presentation/PageHandler.h">
			<Option target="Debug" />
			<Option target="Release" />
		</Unit>
		<Unit filename="src/presentation/Pages.h">
			<Option target="Debug" />
			<Option target="Release" />
		</Unit>
		<Unit filename="src/presentation/pages/ErrorPage.cpp">
			<Option target="Debug" />
			<Option target="Release" />
		</Unit>
		<Unit filename="src/presentation/pages/InitPage.cpp">
			<Option target="Debug" />
			<Option target="Release" />
		</Unit>
		<Unit filename="src/presentation/pages/ItemsMenuPage.cpp">
			<Option target="Debug" />
			<Option target="Release" />
		</Unit>
		<Unit filename="src/presentation/pages/ListItemsPage.cpp">
			<Option target="Debug" />
			<Option target="Release" />
		</Unit>
		<Unit filename="src/presentation/pages/LogInPage.cpp">
			<Option target="Debug" />
			<Option target="Release" />
		</Unit>
		<Unit filename="src/presentation/pages/RegisterUserPage.cpp">
			<Option target="Debug" />
			<Option target="Release" />
		</Unit>
		<Unit filename="src/presentation/pages/authenticated/AuthenticatedInitPage.cpp">
			<Option target="Debug" />
			<Option target="Release" />
		</Unit>
		<Unit filename="src/presentation/pages/authenticated/DeleteItemsPage.cpp">
			<Option target="Debug" />
			<Option target="Release" />
		</Unit>
		<Unit filename="src/presentation/pages/authenticated/DeleteUserPage.cpp">
			<Option target="Debug" />
			<Option target="Release" />
		</Unit>
		<Unit filename="src/presentation/pages/authenticated/EditItemsPage.cpp">
			<Option target="Debug" />
			<Option target="Release" />
		</Unit>
		<Unit filename="src/presentation/pages/authenticated/IncludeItemsPage.cpp">
			<Option target="Debug" />
			<Option target="Release" />
		</Unit>
		<Unit filename="src/presentation/pages/authenticated/PlayDisenrollmentPage.cpp">
			<Option target="Debug" />
			<Option target="Release" />
		</Unit>
		<Unit filename="src/presentation/pages/authenticated/PlayEnrollmentPage.cpp">
			<Option target="Debug" />
			<Option target="Release" />
		</Unit>
		<Unit filename="src/presentation/pages/authenticated/UpdateUserPage.cpp">
			<Option target="Debug" />
			<Option target="Release" />
		</Unit>
		<Unit filename="src/presentation/pages/authenticated/ViewItemsPage.cpp">
			<Option target="Debug" />
			<Option target="Release" />
		</Unit>
		<Unit filename="src/services/controllers/ParticipantHandler.cpp">
			<Option target="Debug" />
			<Option target="Release" />
		</Unit>
		<Unit filename="src/services/controllers/ParticipantHandler.h">
			<Option target="Debug" />
			<Option target="Release" />
		</Unit>
		<Unit filename="src/services/controllers/PlayHandler.cpp">
			<Option target="Debug" />
			<Option target="Release" />
		</Unit>
		<Unit filename="src/services/controllers/PlayHandler.h">
			<Option target="Debug" />
			<Option target="Release" />
		</Unit>
		<Unit filename="src/services/controllers/RoomHandler.cpp">
			<Option target="Debug" />
			<Option target="Release" />
		</Unit>
		<Unit filename="src/services/controllers/RoomHandler.h">
			<Option target="Debug" />
			<Option target="Release" />
		</Unit>
		<Unit filename="src/services/controllers/SessionHandler.cpp">
			<Option target="Debug" />
			<Option target="Release" />
		</Unit>
		<Unit filename="src/services/controllers/SessionHandler.h">
			<Option target="Debug" />
			<Option target="Release" />
		</Unit>
		<Unit filename="src/services/controllers/controllers.h">
			<Option target="Debug" />
			<Option target="Release" />
		</Unit>
		<Unit filename="src/services/db/DBHandler.cpp">
			<Option target="Debug" />
			<Option target="Release" />
		</Unit>
		<Unit filename="src/services/db/DBHandler.h">
			<Option target="Debug" />
			<Option target="Release" />
		</Unit>
		<Unit filename="src/services/db/sql/Participant.sql">
			<Option target="Debug" />
			<Option target="Release" />
		</Unit>
		<Unit filename="src/services/db/sql/Play.sql" />
		<Unit filename="src/services/db/sql/Room.sql">
			<Option target="Debug" />
			<Option target="Release" />
		</Unit>
		<Unit filename="src/services/db/sql/Session.sql">
			<Option target="Debug" />
			<Option target="Release" />
		</Unit>
		<Unit filename="src/services/db/sql/Type.sql">
			<Option target="Debug" />
			<Option target="Release" />
		</Unit>
		<Unit filename="src/services/db/sqlite3.c">
			<Option compilerVar="CC" />
			<Option target="Debug" />
			<Option target="Release" />
		</Unit>
		<Unit filename="src/services/db/sqlite3.h">
			<Option target="Debug" />
			<Option target="Release" />
		</Unit>
		<Unit filename="src/services/interfaces/ParticipantInterface.h">
			<Option target="Debug" />
			<Option target="Release" />
		</Unit>
		<Unit filename="src/services/interfaces/PlayInterface.h">
			<Option target="Debug" />
			<Option target="Release" />
		</Unit>
		<Unit filename="src/services/interfaces/RoomInterface.h">
			<Option target="Debug" />
			<Option target="Release" />
		</Unit>
		<Unit filename="src/services/interfaces/ServicesInterfaces.h">
			<Option target="Debug" />
			<Option target="Release" />
		</Unit>
		<Unit filename="src/services/interfaces/SessionInterface.h">
			<Option target="Debug" />
			<Option target="Release" />
		</Unit>
		<Unit filename="src/services/services.h">
			<Option target="Debug" />
			<Option target="Release" />
		</Unit>
		<Unit filename="src/state.h">
			<Option target="Tests" />
		</Unit>
		<Unit filename="src/tests.cpp">
			<Option target="Tests" />
		</Unit>
		<Extensions />
	</Project>
</CodeBlocks_project_file>
